
Microsoft Visual Studio Solution File, Format Version 12.00
# Visual Studio 15
VisualStudioVersion = 15.0.27130.2024
MinimumVisualStudioVersion = 10.0.40219.1
Project("{FAE04EC0-301F-11D3-BF4B-00C04F79EFBC}") = "app-talimpo", "app-talimpo\app-talimpo.csproj", "{99B7EB5B-49FC-4C2F-9E87-D1D33DBE123E}"
EndProject
Global
	GlobalSection(SolutionConfigurationPlatforms) = preSolution
		Debug|Any CPU = Debug|Any CPU
		Release|Any CPU = Release|Any CPU
	EndGlobalSection
	GlobalSection(ProjectConfigurationPlatforms) = postSolution
		{99B7EB5B-49FC-4C2F-9E87-D1D33DBE123E}.Debug|Any CPU.ActiveCfg = Debug|Any CPU
		{99B7EB5B-49FC-4C2F-9E87-D1D33DBE123E}.Debug|Any CPU.Build.0 = Debug|Any CPU
		{99B7EB5B-49FC-4C2F-9E87-D1D33DBE123E}.Release|Any CPU.ActiveCfg = Release|Any CPU
		{99B7EB5B-49FC-4C2F-9E87-D1D33DBE123E}.Release|Any CPU.Build.0 = Release|Any CPU
	EndGlobalSection
	GlobalSection(SolutionProperties) = preSolution
		HideSolutionNode = FALSE
	EndGlobalSection
	GlobalSection(ExtensibilityGlobals) = postSolution
		SolutionGuid = {9D2EF65F-360F-4D8A-B882-B8FDB78F5682}
	EndGlobalSection
EndGlobal
