
Microsoft Visual Studio Solution File, Format Version 12.00
# Visual Studio 15
VisualStudioVersion = 15.0.27130.2010
MinimumVisualStudioVersion = 10.0.40219.1
Project("{FAE04EC0-301F-11D3-BF4B-00C04F79EFBC}") = "TaLimpoApp", "TaLimpoApp\TaLimpoApp.csproj", "{AECB7C7D-44EC-49A3-A694-46BA85401235}"
EndProject
Project("{E24C65DC-7377-472B-9ABA-BC803B73C61A}") = "WebView", "WebView\", "{067F21EC-F6B6-4FE2-AB4C-060BCFE07544}"
	ProjectSection(WebsiteProperties) = preProject
		TargetFrameworkMoniker = ".NETFramework,Version%3Dv4.7"
		Debug.AspNetCompiler.VirtualPath = "/localhost_52952"
		Debug.AspNetCompiler.PhysicalPath = "WebView\"
		Debug.AspNetCompiler.TargetPath = "PrecompiledWeb\localhost_52952\"
		Debug.AspNetCompiler.Updateable = "true"
		Debug.AspNetCompiler.ForceOverwrite = "true"
		Debug.AspNetCompiler.FixedNames = "false"
		Debug.AspNetCompiler.Debug = "True"
		Release.AspNetCompiler.VirtualPath = "/localhost_52952"
		Release.AspNetCompiler.PhysicalPath = "WebView\"
		Release.AspNetCompiler.TargetPath = "PrecompiledWeb\localhost_52952\"
		Release.AspNetCompiler.Updateable = "true"
		Release.AspNetCompiler.ForceOverwrite = "true"
		Release.AspNetCompiler.FixedNames = "false"
		Release.AspNetCompiler.Debug = "False"
		VWDPort = "52952"
		SlnRelativePath = "WebView\"
		DefaultWebSiteLanguage = "Visual C#"
	EndProjectSection
EndProject
Global
	GlobalSection(SolutionConfigurationPlatforms) = preSolution
		Debug|Any CPU = Debug|Any CPU
		Release|Any CPU = Release|Any CPU
	EndGlobalSection
	GlobalSection(ProjectConfigurationPlatforms) = postSolution
		{AECB7C7D-44EC-49A3-A694-46BA85401235}.Debug|Any CPU.ActiveCfg = Debug|Any CPU
		{AECB7C7D-44EC-49A3-A694-46BA85401235}.Debug|Any CPU.Build.0 = Debug|Any CPU
		{AECB7C7D-44EC-49A3-A694-46BA85401235}.Release|Any CPU.ActiveCfg = Release|Any CPU
		{AECB7C7D-44EC-49A3-A694-46BA85401235}.Release|Any CPU.Build.0 = Release|Any CPU
		{067F21EC-F6B6-4FE2-AB4C-060BCFE07544}.Debug|Any CPU.ActiveCfg = Debug|Any CPU
		{067F21EC-F6B6-4FE2-AB4C-060BCFE07544}.Debug|Any CPU.Build.0 = Debug|Any CPU
		{067F21EC-F6B6-4FE2-AB4C-060BCFE07544}.Release|Any CPU.ActiveCfg = Debug|Any CPU
		{067F21EC-F6B6-4FE2-AB4C-060BCFE07544}.Release|Any CPU.Build.0 = Debug|Any CPU
	EndGlobalSection
	GlobalSection(SolutionProperties) = preSolution
		HideSolutionNode = FALSE
	EndGlobalSection
	GlobalSection(ExtensibilityGlobals) = postSolution
		SolutionGuid = {6A243219-1475-4FE0-A433-30A49B8B2EA0}
	EndGlobalSection
EndGlobal
